<?xml version="1.0" encoding="utf-8"?>
<Project ToolsVersion="4.0" xmlns="http://schemas.microsoft.com/developer/msbuild/2003">
  <ItemGroup>
    <Filter Include="Core">
      <UniqueIdentifier>{2EB4837C-1AEB-840D-C3D7-6A10AFED000F}</UniqueIdentifier>
    </Filter>
    <Filter Include="Core\Window">
      <UniqueIdentifier>{d6915d2f-63f9-45cb-971b-4611d2282ab0}</UniqueIdentifier>
    </Filter>
    <Filter Include="Core\Input">
      <UniqueIdentifier>{5a2af82d-d7e1-44f2-85f0-c1a51df6530a}</UniqueIdentifier>
    </Filter>
    <Filter Include="Core\Utilities">
      <UniqueIdentifier>{03934f41-514a-4d2e-a76d-adbebfe030da}</UniqueIdentifier>
    </Filter>
    <Filter Include="Core\Graphics">
      <UniqueIdentifier>{678b45fc-c92c-424e-85bc-dd3b740e135f}</UniqueIdentifier>
    </Filter>
  </ItemGroup>
  <ItemGroup>
    <ClInclude Include="src\Core\Application.h">
      <Filter>Core</Filter>
    </ClInclude>
    <ClInclude Include="src\Core\EntryPoint.h">
      <Filter>Core</Filter>
    </ClInclude>
    <ClInclude Include="src\Core\Logger.h">
      <Filter>Core</Filter>
    </ClInclude>
    <ClInclude Include="src\Covid.h" />
    <ClInclude Include="src\Core\Window\Window.h">
      <Filter>Core\Window</Filter>
    </ClInclude>
    <ClInclude Include="src\Core\Window\WindowBuilder.h">
      <Filter>Core\Window</Filter>
    </ClInclude>
    <ClInclude Include="src\Core\Input\Input.h">
      <Filter>Core\Input</Filter>
    </ClInclude>
    <ClInclude Include="src\Core\Input\InputBuilder.h">
      <Filter>Core\Input</Filter>
    </ClInclude>
    <ClInclude Include="src\Core\Input\InputEvents.h">
      <Filter>Core\Input</Filter>
    </ClInclude>
    <ClInclude Include="src\Core\Input\KeyCodes.h">
      <Filter>Core\Input</Filter>
    </ClInclude>
    <ClInclude Include="src\Utilities\Action.h">
      <Filter>Core\Utilities</Filter>
    </ClInclude>
    <ClInclude Include="src\Core\Input\ButtonCodes.h">
      <Filter>Core\Input</Filter>
    </ClInclude>
    <ClInclude Include="src\Utilities\Time.h">
      <Filter>Core\Utilities</Filter>
    </ClInclude>
    <ClInclude Include="src\Core\Graphics\Utils.h">
      <Filter>Core\Graphics</Filter>
    </ClInclude>
    <ClInclude Include="src\Core\Graphics\Device.h">
      <Filter>Core\Graphics</Filter>
    </ClInclude>
    <ClInclude Include="src\Core\Graphics\DeviceBuilder.h">
      <Filter>Core\Graphics</Filter>
    </ClInclude>
  </ItemGroup>
  <ItemGroup>
    <ClCompile Include="src\Core\Application.cpp">
      <Filter>Core</Filter>
    </ClCompile>
    <ClCompile Include="src\Core\Logger.cpp">
      <Filter>Core</Filter>
    </ClCompile>
    <ClCompile Include="src\Core\Window\WindowBuilder.cpp">
      <Filter>Core\Window</Filter>
    </ClCompile>
    <ClCompile Include="src\Core\Window\Window.cpp">
      <Filter>Core\Window</Filter>
    </ClCompile>
    <ClCompile Include="src\Core\Input\Input.cpp">
      <Filter>Core\Input</Filter>
    </ClCompile>
    <ClCompile Include="src\Core\Input\InputBuilder.cpp">
      <Filter>Core\Input</Filter>
    </ClCompile>
    <ClCompile Include="src\Core\Graphics\Device.cpp">
      <Filter>Core\Graphics</Filter>
    </ClCompile>
    <ClCompile Include="src\Core\Graphics\DeviceBuilder.cpp">
      <Filter>Core\Graphics</Filter>
    </ClCompile>
  </ItemGroup>
</Project>